
Microsoft Visual Studio Solution File, Format Version 12.00
# Visual Studio Version 17
VisualStudioVersion = 17.0.31903.59
MinimumVisualStudioVersion = 10.0.40219.1
Project("{FAE04EC0-301F-11D3-BF4B-00C04F79EFBC}") = "Tyuiu.SergeevSV.Sprint1.Task0.V25.Test", "Tyuiu.SergeevSV.Sprint1.Task0.V25.Test\Tyuiu.SergeevSV.Sprint1.Task0.V25.Test.csproj", "{0BC62F32-1992-446B-B296-D46864F3C0F1}"
EndProject
Project("{FAE04EC0-301F-11D3-BF4B-00C04F79EFBC}") = "Tyuiu.Sergeevsv.Sprint1.Task6.V0", "Tyuiu.Sergeevsv.Sprint1.Task6.V0\Tyuiu.Sergeevsv.Sprint1.Task6.V0.csproj", "{F1B95806-B25C-432E-83E7-79538DCD9AEA}"
EndProject
Project("{FAE04EC0-301F-11D3-BF4B-00C04F79EFBC}") = "Tyuiu.Sergeevsv.Sprint1.Task1.V26", "Tyuiu.Sergeevsv.Sprint1.Task1.V26\Tyuiu.Sergeevsv.Sprint1.Task1.V26.csproj", "{02701AFE-4FFF-4C78-972F-B4573FB2A9AA}"
EndProject
Project("{FAE04EC0-301F-11D3-BF4B-00C04F79EFBC}") = "Tyuiu.Sergeevsv.Sprint1.Task1.V26.Test", "Tyuiu.Sergeevsv.Sprint1.Task1.V26.Test\Tyuiu.Sergeevsv.Sprint1.Task1.V26.Test.csproj", "{AED5BF6E-6ACD-4C28-AD2B-3D1B6300601B}"
EndProject
Project("{FAE04EC0-301F-11D3-BF4B-00C04F79EFBC}") = "Tyuiu.Sergeevsv.Sprint1.Task2.V0.Lib", "Tyuiu.Sergeevsv.Sprint1.Task2.V0.Lib\Tyuiu.Sergeevsv.Sprint1.Task2.V0.Lib.csproj", "{268DC323-0B0B-4571-B2EF-603C4578B324}"
EndProject
Project("{FAE04EC0-301F-11D3-BF4B-00C04F79EFBC}") = "Tyuiu.SergeevSV.Sprint1.Task0.V25", "Tyuiu.SergeevSV.Sprint1.Task0.V25\Tyuiu.SergeevSV.Sprint1.Task0.V25.csproj", "{7558FEB6-B1E5-4ED1-A22F-BFE6781913C7}"
EndProject
Project("{FAE04EC0-301F-11D3-BF4B-00C04F79EFBC}") = "Tyuiu.Sergeevsv.Sprint1.Task4.V0.Lib", "Tyuiu.Sergeevsv.Sprint1.Task4.V0.Lib\Tyuiu.Sergeevsv.Sprint1.Task4.V0.Lib.csproj", "{10541E3B-8104-4F69-AFC9-06A8A573BE09}"
EndProject
Project("{FAE04EC0-301F-11D3-BF4B-00C04F79EFBC}") = "Tyuiu.Sergeevsv.Sprint1.Task2.V0.Test", "Tyuiu.Sergeevsv.Sprint1.Task2.V0.Test\Tyuiu.Sergeevsv.Sprint1.Task2.V0.Test.csproj", "{0F9DBC2C-F507-4732-B802-AE670B7CE847}"
EndProject
Project("{FAE04EC0-301F-11D3-BF4B-00C04F79EFBC}") = "Tyuiu.Sergeevsv.Sprint1.Task3.V0.Lib", "Tyuiu.Sergeevsv.Sprint1.Task3.V0.Lib\Tyuiu.Sergeevsv.Sprint1.Task3.V0.Lib.csproj", "{FEBD2F53-5831-4F60-AB78-BB99727E51FB}"
EndProject
Project("{FAE04EC0-301F-11D3-BF4B-00C04F79EFBC}") = "Tyuiu.Sergeevsv.Sprint1.Task4.V0.Test", "Tyuiu.Sergeevsv.Sprint1.Task4.V0.Test\Tyuiu.Sergeevsv.Sprint1.Task4.V0.Test.csproj", "{716C9BA8-5D3B-4013-891C-02CD2F4EFBA2}"
EndProject
Project("{FAE04EC0-301F-11D3-BF4B-00C04F79EFBC}") = "Tyuiu.Sergeevsv.Sprint1.Task5.V0", "Tyuiu.Sergeevsv.Sprint1.Task5.V0\Tyuiu.Sergeevsv.Sprint1.Task5.V0.csproj", "{8E13D298-2BAE-44CC-BD56-959B6BB12F64}"
EndProject
Project("{FAE04EC0-301F-11D3-BF4B-00C04F79EFBC}") = "Tyuiu.Sergeevsv.Sprint1.Task2.V0", "Tyuiu.Sergeevsv.Sprint1.Task2.V0\Tyuiu.Sergeevsv.Sprint1.Task2.V0.csproj", "{A770B41A-E212-485A-8850-4063202FFE99}"
EndProject
Project("{FAE04EC0-301F-11D3-BF4B-00C04F79EFBC}") = "Tyuiu.SergeevSV.Sprint1.Task0.V25.Lib", "Tyuiu.SergeevSV.Sprint1.Task0.V25.Lib\Tyuiu.SergeevSV.Sprint1.Task0.V25.Lib.csproj", "{10C0F19E-CD9F-439E-B8E7-A7E3BCF9B288}"
EndProject
Project("{FAE04EC0-301F-11D3-BF4B-00C04F79EFBC}") = "Tyuiu.Sergeevsv.Sprint1.Task3.V0", "Tyuiu.Sergeevsv.Sprint1.Task3.V0\Tyuiu.Sergeevsv.Sprint1.Task3.V0.csproj", "{F54C9BE7-C244-4100-8703-CE6E3D95D7A5}"
EndProject
Project("{FAE04EC0-301F-11D3-BF4B-00C04F79EFBC}") = "Tyuiu.Sergeevsv.Sprint1.Task5.V0.Lib", "Tyuiu.Sergeevsv.Sprint1.Task5.V0.Lib\Tyuiu.Sergeevsv.Sprint1.Task5.V0.Lib.csproj", "{C6E6CD09-EE87-47B7-A5DD-76CC56115C48}"
EndProject
Project("{FAE04EC0-301F-11D3-BF4B-00C04F79EFBC}") = "Tyuiu.Sergeevsv.Sprint1.Task5.V0.Test", "Tyuiu.Sergeevsv.Sprint1.Task5.V0.Test\Tyuiu.Sergeevsv.Sprint1.Task5.V0.Test.csproj", "{21EEF5A4-7787-45D4-88E0-18BE830A947D}"
EndProject
Project("{FAE04EC0-301F-11D3-BF4B-00C04F79EFBC}") = "Tyuiu.Sergeevsv.Sprint1.Task7.V0.Test", "Tyuiu.Sergeevsv.Sprint1.Task7.V0.Test\Tyuiu.Sergeevsv.Sprint1.Task7.V0.Test.csproj", "{487E4417-8879-4170-B9C7-648A62C2B5FC}"
EndProject
Project("{FAE04EC0-301F-11D3-BF4B-00C04F79EFBC}") = "Tyuiu.Sergeevsv.Sprint1.Task3.V0.Test", "Tyuiu.Sergeevsv.Sprint1.Task3.V0.Test\Tyuiu.Sergeevsv.Sprint1.Task3.V0.Test.csproj", "{8B11660A-00B5-4E1B-B432-E455FBDF34D3}"
EndProject
Project("{FAE04EC0-301F-11D3-BF4B-00C04F79EFBC}") = "Tyuiu.Sergeevsv.Sprint1.Task6.V0.Test", "Tyuiu.Sergeevsv.Sprint1.Task6.V0.Test\Tyuiu.Sergeevsv.Sprint1.Task6.V0.Test.csproj", "{FF92957B-73BF-4626-BCE8-A30A676D12AF}"
EndProject
Project("{FAE04EC0-301F-11D3-BF4B-00C04F79EFBC}") = "Tyuiu.Sergeevsv.Sprint1.Task7.V0", "Tyuiu.Sergeevsv.Sprint1.Task7.V0\Tyuiu.Sergeevsv.Sprint1.Task7.V0.csproj", "{DC90F581-6A82-486C-B6E5-12A2FFCF4D31}"
EndProject
Project("{FAE04EC0-301F-11D3-BF4B-00C04F79EFBC}") = "Tyuiu.Sergeevsv.Sprint1.Task7.V0.Lib", "Tyuiu.Sergeevsv.Sprint1.Task7.V0.Lib\Tyuiu.Sergeevsv.Sprint1.Task7.V0.Lib.csproj", "{8B9DF8EC-9AD6-47A2-A06E-ED7E5A185528}"
EndProject
Project("{FAE04EC0-301F-11D3-BF4B-00C04F79EFBC}") = "Tyuiu.Sergeevsv.Sprint1.Task6.V0.Lib", "Tyuiu.Sergeevsv.Sprint1.Task6.V0.Lib\Tyuiu.Sergeevsv.Sprint1.Task6.V0.Lib.csproj", "{10670B13-B732-4901-A7F7-8F29C4AE84E5}"
EndProject
Project("{FAE04EC0-301F-11D3-BF4B-00C04F79EFBC}") = "Tyuiu.Sergeevsv.Sprint1.Task1.V26.Lib", "Tyuiu.Sergeevsv.Sprint1.Task1.V26.Lib\Tyuiu.Sergeevsv.Sprint1.Task1.V26.Lib.csproj", "{AE3AFBCD-9E2D-4581-9826-ADAED7A2BBF8}"
EndProject
Project("{FAE04EC0-301F-11D3-BF4B-00C04F79EFBC}") = "Tyuiu.Sergeevsv.Sprint1.Task4.V0", "Tyuiu.Sergeevsv.Sprint1.Task4.V0\Tyuiu.Sergeevsv.Sprint1.Task4.V0.csproj", "{FB4E2FFF-7621-4C7D-98D0-CE7BA7DDAD67}"
EndProject
Global
	GlobalSection(SolutionProperties) = preSolution
		HideSolutionNode = FALSE
	EndGlobalSection
	GlobalSection(SolutionConfigurationPlatforms) = preSolution
		Debug|Any CPU = Debug|Any CPU
		Debug|x64 = Debug|x64
		Debug|x86 = Debug|x86
		Release|Any CPU = Release|Any CPU
		Release|x64 = Release|x64
		Release|x86 = Release|x86
	EndGlobalSection
	GlobalSection(ProjectConfigurationPlatforms) = postSolution
		{0BC62F32-1992-446B-B296-D46864F3C0F1}.Debug|Any CPU.ActiveCfg = Debug|Any CPU
		{0BC62F32-1992-446B-B296-D46864F3C0F1}.Debug|Any CPU.Build.0 = Debug|Any CPU
		{0BC62F32-1992-446B-B296-D46864F3C0F1}.Debug|x64.ActiveCfg = Debug|Any CPU
		{0BC62F32-1992-446B-B296-D46864F3C0F1}.Debug|x64.Build.0 = Debug|Any CPU
		{0BC62F32-1992-446B-B296-D46864F3C0F1}.Debug|x86.ActiveCfg = Debug|Any CPU
		{0BC62F32-1992-446B-B296-D46864F3C0F1}.Debug|x86.Build.0 = Debug|Any CPU
		{0BC62F32-1992-446B-B296-D46864F3C0F1}.Release|Any CPU.ActiveCfg = Release|Any CPU
		{0BC62F32-1992-446B-B296-D46864F3C0F1}.Release|Any CPU.Build.0 = Release|Any CPU
		{0BC62F32-1992-446B-B296-D46864F3C0F1}.Release|x64.ActiveCfg = Release|Any CPU
		{0BC62F32-1992-446B-B296-D46864F3C0F1}.Release|x64.Build.0 = Release|Any CPU
		{0BC62F32-1992-446B-B296-D46864F3C0F1}.Release|x86.ActiveCfg = Release|Any CPU
		{0BC62F32-1992-446B-B296-D46864F3C0F1}.Release|x86.Build.0 = Release|Any CPU
		{F1B95806-B25C-432E-83E7-79538DCD9AEA}.Debug|Any CPU.ActiveCfg = Debug|Any CPU
		{F1B95806-B25C-432E-83E7-79538DCD9AEA}.Debug|Any CPU.Build.0 = Debug|Any CPU
		{F1B95806-B25C-432E-83E7-79538DCD9AEA}.Debug|x64.ActiveCfg = Debug|Any CPU
		{F1B95806-B25C-432E-83E7-79538DCD9AEA}.Debug|x64.Build.0 = Debug|Any CPU
		{F1B95806-B25C-432E-83E7-79538DCD9AEA}.Debug|x86.ActiveCfg = Debug|Any CPU
		{F1B95806-B25C-432E-83E7-79538DCD9AEA}.Debug|x86.Build.0 = Debug|Any CPU
		{F1B95806-B25C-432E-83E7-79538DCD9AEA}.Release|Any CPU.ActiveCfg = Release|Any CPU
		{F1B95806-B25C-432E-83E7-79538DCD9AEA}.Release|Any CPU.Build.0 = Release|Any CPU
		{F1B95806-B25C-432E-83E7-79538DCD9AEA}.Release|x64.ActiveCfg = Release|Any CPU
		{F1B95806-B25C-432E-83E7-79538DCD9AEA}.Release|x64.Build.0 = Release|Any CPU
		{F1B95806-B25C-432E-83E7-79538DCD9AEA}.Release|x86.ActiveCfg = Release|Any CPU
		{F1B95806-B25C-432E-83E7-79538DCD9AEA}.Release|x86.Build.0 = Release|Any CPU
		{02701AFE-4FFF-4C78-972F-B4573FB2A9AA}.Debug|Any CPU.ActiveCfg = Debug|Any CPU
		{02701AFE-4FFF-4C78-972F-B4573FB2A9AA}.Debug|Any CPU.Build.0 = Debug|Any CPU
		{02701AFE-4FFF-4C78-972F-B4573FB2A9AA}.Debug|x64.ActiveCfg = Debug|Any CPU
		{02701AFE-4FFF-4C78-972F-B4573FB2A9AA}.Debug|x64.Build.0 = Debug|Any CPU
		{02701AFE-4FFF-4C78-972F-B4573FB2A9AA}.Debug|x86.ActiveCfg = Debug|Any CPU
		{02701AFE-4FFF-4C78-972F-B4573FB2A9AA}.Debug|x86.Build.0 = Debug|Any CPU
		{02701AFE-4FFF-4C78-972F-B4573FB2A9AA}.Release|Any CPU.ActiveCfg = Release|Any CPU
		{02701AFE-4FFF-4C78-972F-B4573FB2A9AA}.Release|Any CPU.Build.0 = Release|Any CPU
		{02701AFE-4FFF-4C78-972F-B4573FB2A9AA}.Release|x64.ActiveCfg = Release|Any CPU
		{02701AFE-4FFF-4C78-972F-B4573FB2A9AA}.Release|x64.Build.0 = Release|Any CPU
		{02701AFE-4FFF-4C78-972F-B4573FB2A9AA}.Release|x86.ActiveCfg = Release|Any CPU
		{02701AFE-4FFF-4C78-972F-B4573FB2A9AA}.Release|x86.Build.0 = Release|Any CPU
		{AED5BF6E-6ACD-4C28-AD2B-3D1B6300601B}.Debug|Any CPU.ActiveCfg = Debug|Any CPU
		{AED5BF6E-6ACD-4C28-AD2B-3D1B6300601B}.Debug|Any CPU.Build.0 = Debug|Any CPU
		{AED5BF6E-6ACD-4C28-AD2B-3D1B6300601B}.Debug|x64.ActiveCfg = Debug|Any CPU
		{AED5BF6E-6ACD-4C28-AD2B-3D1B6300601B}.Debug|x64.Build.0 = Debug|Any CPU
		{AED5BF6E-6ACD-4C28-AD2B-3D1B6300601B}.Debug|x86.ActiveCfg = Debug|Any CPU
		{AED5BF6E-6ACD-4C28-AD2B-3D1B6300601B}.Debug|x86.Build.0 = Debug|Any CPU
		{AED5BF6E-6ACD-4C28-AD2B-3D1B6300601B}.Release|Any CPU.ActiveCfg = Release|Any CPU
		{AED5BF6E-6ACD-4C28-AD2B-3D1B6300601B}.Release|Any CPU.Build.0 = Release|Any CPU
		{AED5BF6E-6ACD-4C28-AD2B-3D1B6300601B}.Release|x64.ActiveCfg = Release|Any CPU
		{AED5BF6E-6ACD-4C28-AD2B-3D1B6300601B}.Release|x64.Build.0 = Release|Any CPU
		{AED5BF6E-6ACD-4C28-AD2B-3D1B6300601B}.Release|x86.ActiveCfg = Release|Any CPU
		{AED5BF6E-6ACD-4C28-AD2B-3D1B6300601B}.Release|x86.Build.0 = Release|Any CPU
		{268DC323-0B0B-4571-B2EF-603C4578B324}.Debug|Any CPU.ActiveCfg = Debug|Any CPU
		{268DC323-0B0B-4571-B2EF-603C4578B324}.Debug|Any CPU.Build.0 = Debug|Any CPU
		{268DC323-0B0B-4571-B2EF-603C4578B324}.Debug|x64.ActiveCfg = Debug|Any CPU
		{268DC323-0B0B-4571-B2EF-603C4578B324}.Debug|x64.Build.0 = Debug|Any CPU
		{268DC323-0B0B-4571-B2EF-603C4578B324}.Debug|x86.ActiveCfg = Debug|Any CPU
		{268DC323-0B0B-4571-B2EF-603C4578B324}.Debug|x86.Build.0 = Debug|Any CPU
		{268DC323-0B0B-4571-B2EF-603C4578B324}.Release|Any CPU.ActiveCfg = Release|Any CPU
		{268DC323-0B0B-4571-B2EF-603C4578B324}.Release|Any CPU.Build.0 = Release|Any CPU
		{268DC323-0B0B-4571-B2EF-603C4578B324}.Release|x64.ActiveCfg = Release|Any CPU
		{268DC323-0B0B-4571-B2EF-603C4578B324}.Release|x64.Build.0 = Release|Any CPU
		{268DC323-0B0B-4571-B2EF-603C4578B324}.Release|x86.ActiveCfg = Release|Any CPU
		{268DC323-0B0B-4571-B2EF-603C4578B324}.Release|x86.Build.0 = Release|Any CPU
		{7558FEB6-B1E5-4ED1-A22F-BFE6781913C7}.Debug|Any CPU.ActiveCfg = Debug|Any CPU
		{7558FEB6-B1E5-4ED1-A22F-BFE6781913C7}.Debug|Any CPU.Build.0 = Debug|Any CPU
		{7558FEB6-B1E5-4ED1-A22F-BFE6781913C7}.Debug|x64.ActiveCfg = Debug|Any CPU
		{7558FEB6-B1E5-4ED1-A22F-BFE6781913C7}.Debug|x64.Build.0 = Debug|Any CPU
		{7558FEB6-B1E5-4ED1-A22F-BFE6781913C7}.Debug|x86.ActiveCfg = Debug|Any CPU
		{7558FEB6-B1E5-4ED1-A22F-BFE6781913C7}.Debug|x86.Build.0 = Debug|Any CPU
		{7558FEB6-B1E5-4ED1-A22F-BFE6781913C7}.Release|Any CPU.ActiveCfg = Release|Any CPU
		{7558FEB6-B1E5-4ED1-A22F-BFE6781913C7}.Release|Any CPU.Build.0 = Release|Any CPU
		{7558FEB6-B1E5-4ED1-A22F-BFE6781913C7}.Release|x64.ActiveCfg = Release|Any CPU
		{7558FEB6-B1E5-4ED1-A22F-BFE6781913C7}.Release|x64.Build.0 = Release|Any CPU
		{7558FEB6-B1E5-4ED1-A22F-BFE6781913C7}.Release|x86.ActiveCfg = Release|Any CPU
		{7558FEB6-B1E5-4ED1-A22F-BFE6781913C7}.Release|x86.Build.0 = Release|Any CPU
		{10541E3B-8104-4F69-AFC9-06A8A573BE09}.Debug|Any CPU.ActiveCfg = Debug|Any CPU
		{10541E3B-8104-4F69-AFC9-06A8A573BE09}.Debug|Any CPU.Build.0 = Debug|Any CPU
		{10541E3B-8104-4F69-AFC9-06A8A573BE09}.Debug|x64.ActiveCfg = Debug|Any CPU
		{10541E3B-8104-4F69-AFC9-06A8A573BE09}.Debug|x64.Build.0 = Debug|Any CPU
		{10541E3B-8104-4F69-AFC9-06A8A573BE09}.Debug|x86.ActiveCfg = Debug|Any CPU
		{10541E3B-8104-4F69-AFC9-06A8A573BE09}.Debug|x86.Build.0 = Debug|Any CPU
		{10541E3B-8104-4F69-AFC9-06A8A573BE09}.Release|Any CPU.ActiveCfg = Release|Any CPU
		{10541E3B-8104-4F69-AFC9-06A8A573BE09}.Release|Any CPU.Build.0 = Release|Any CPU
		{10541E3B-8104-4F69-AFC9-06A8A573BE09}.Release|x64.ActiveCfg = Release|Any CPU
		{10541E3B-8104-4F69-AFC9-06A8A573BE09}.Release|x64.Build.0 = Release|Any CPU
		{10541E3B-8104-4F69-AFC9-06A8A573BE09}.Release|x86.ActiveCfg = Release|Any CPU
		{10541E3B-8104-4F69-AFC9-06A8A573BE09}.Release|x86.Build.0 = Release|Any CPU
		{0F9DBC2C-F507-4732-B802-AE670B7CE847}.Debug|Any CPU.ActiveCfg = Debug|Any CPU
		{0F9DBC2C-F507-4732-B802-AE670B7CE847}.Debug|Any CPU.Build.0 = Debug|Any CPU
		{0F9DBC2C-F507-4732-B802-AE670B7CE847}.Debug|x64.ActiveCfg = Debug|Any CPU
		{0F9DBC2C-F507-4732-B802-AE670B7CE847}.Debug|x64.Build.0 = Debug|Any CPU
		{0F9DBC2C-F507-4732-B802-AE670B7CE847}.Debug|x86.ActiveCfg = Debug|Any CPU
		{0F9DBC2C-F507-4732-B802-AE670B7CE847}.Debug|x86.Build.0 = Debug|Any CPU
		{0F9DBC2C-F507-4732-B802-AE670B7CE847}.Release|Any CPU.ActiveCfg = Release|Any CPU
		{0F9DBC2C-F507-4732-B802-AE670B7CE847}.Release|Any CPU.Build.0 = Release|Any CPU
		{0F9DBC2C-F507-4732-B802-AE670B7CE847}.Release|x64.ActiveCfg = Release|Any CPU
		{0F9DBC2C-F507-4732-B802-AE670B7CE847}.Release|x64.Build.0 = Release|Any CPU
		{0F9DBC2C-F507-4732-B802-AE670B7CE847}.Release|x86.ActiveCfg = Release|Any CPU
		{0F9DBC2C-F507-4732-B802-AE670B7CE847}.Release|x86.Build.0 = Release|Any CPU
		{FEBD2F53-5831-4F60-AB78-BB99727E51FB}.Debug|Any CPU.ActiveCfg = Debug|Any CPU
		{FEBD2F53-5831-4F60-AB78-BB99727E51FB}.Debug|Any CPU.Build.0 = Debug|Any CPU
		{FEBD2F53-5831-4F60-AB78-BB99727E51FB}.Debug|x64.ActiveCfg = Debug|Any CPU
		{FEBD2F53-5831-4F60-AB78-BB99727E51FB}.Debug|x64.Build.0 = Debug|Any CPU
		{FEBD2F53-5831-4F60-AB78-BB99727E51FB}.Debug|x86.ActiveCfg = Debug|Any CPU
		{FEBD2F53-5831-4F60-AB78-BB99727E51FB}.Debug|x86.Build.0 = Debug|Any CPU
		{FEBD2F53-5831-4F60-AB78-BB99727E51FB}.Release|Any CPU.ActiveCfg = Release|Any CPU
		{FEBD2F53-5831-4F60-AB78-BB99727E51FB}.Release|Any CPU.Build.0 = Release|Any CPU
		{FEBD2F53-5831-4F60-AB78-BB99727E51FB}.Release|x64.ActiveCfg = Release|Any CPU
		{FEBD2F53-5831-4F60-AB78-BB99727E51FB}.Release|x64.Build.0 = Release|Any CPU
		{FEBD2F53-5831-4F60-AB78-BB99727E51FB}.Release|x86.ActiveCfg = Release|Any CPU
		{FEBD2F53-5831-4F60-AB78-BB99727E51FB}.Release|x86.Build.0 = Release|Any CPU
		{716C9BA8-5D3B-4013-891C-02CD2F4EFBA2}.Debug|Any CPU.ActiveCfg = Debug|Any CPU
		{716C9BA8-5D3B-4013-891C-02CD2F4EFBA2}.Debug|Any CPU.Build.0 = Debug|Any CPU
		{716C9BA8-5D3B-4013-891C-02CD2F4EFBA2}.Debug|x64.ActiveCfg = Debug|Any CPU
		{716C9BA8-5D3B-4013-891C-02CD2F4EFBA2}.Debug|x64.Build.0 = Debug|Any CPU
		{716C9BA8-5D3B-4013-891C-02CD2F4EFBA2}.Debug|x86.ActiveCfg = Debug|Any CPU
		{716C9BA8-5D3B-4013-891C-02CD2F4EFBA2}.Debug|x86.Build.0 = Debug|Any CPU
		{716C9BA8-5D3B-4013-891C-02CD2F4EFBA2}.Release|Any CPU.ActiveCfg = Release|Any CPU
		{716C9BA8-5D3B-4013-891C-02CD2F4EFBA2}.Release|Any CPU.Build.0 = Release|Any CPU
		{716C9BA8-5D3B-4013-891C-02CD2F4EFBA2}.Release|x64.ActiveCfg = Release|Any CPU
		{716C9BA8-5D3B-4013-891C-02CD2F4EFBA2}.Release|x64.Build.0 = Release|Any CPU
		{716C9BA8-5D3B-4013-891C-02CD2F4EFBA2}.Release|x86.ActiveCfg = Release|Any CPU
		{716C9BA8-5D3B-4013-891C-02CD2F4EFBA2}.Release|x86.Build.0 = Release|Any CPU
		{8E13D298-2BAE-44CC-BD56-959B6BB12F64}.Debug|Any CPU.ActiveCfg = Debug|Any CPU
		{8E13D298-2BAE-44CC-BD56-959B6BB12F64}.Debug|Any CPU.Build.0 = Debug|Any CPU
		{8E13D298-2BAE-44CC-BD56-959B6BB12F64}.Debug|x64.ActiveCfg = Debug|Any CPU
		{8E13D298-2BAE-44CC-BD56-959B6BB12F64}.Debug|x64.Build.0 = Debug|Any CPU
		{8E13D298-2BAE-44CC-BD56-959B6BB12F64}.Debug|x86.ActiveCfg = Debug|Any CPU
		{8E13D298-2BAE-44CC-BD56-959B6BB12F64}.Debug|x86.Build.0 = Debug|Any CPU
		{8E13D298-2BAE-44CC-BD56-959B6BB12F64}.Release|Any CPU.ActiveCfg = Release|Any CPU
		{8E13D298-2BAE-44CC-BD56-959B6BB12F64}.Release|Any CPU.Build.0 = Release|Any CPU
		{8E13D298-2BAE-44CC-BD56-959B6BB12F64}.Release|x64.ActiveCfg = Release|Any CPU
		{8E13D298-2BAE-44CC-BD56-959B6BB12F64}.Release|x64.Build.0 = Release|Any CPU
		{8E13D298-2BAE-44CC-BD56-959B6BB12F64}.Release|x86.ActiveCfg = Release|Any CPU
		{8E13D298-2BAE-44CC-BD56-959B6BB12F64}.Release|x86.Build.0 = Release|Any CPU
		{A770B41A-E212-485A-8850-4063202FFE99}.Debug|Any CPU.ActiveCfg = Debug|Any CPU
		{A770B41A-E212-485A-8850-4063202FFE99}.Debug|Any CPU.Build.0 = Debug|Any CPU
		{A770B41A-E212-485A-8850-4063202FFE99}.Debug|x64.ActiveCfg = Debug|Any CPU
		{A770B41A-E212-485A-8850-4063202FFE99}.Debug|x64.Build.0 = Debug|Any CPU
		{A770B41A-E212-485A-8850-4063202FFE99}.Debug|x86.ActiveCfg = Debug|Any CPU
		{A770B41A-E212-485A-8850-4063202FFE99}.Debug|x86.Build.0 = Debug|Any CPU
		{A770B41A-E212-485A-8850-4063202FFE99}.Release|Any CPU.ActiveCfg = Release|Any CPU
		{A770B41A-E212-485A-8850-4063202FFE99}.Release|Any CPU.Build.0 = Release|Any CPU
		{A770B41A-E212-485A-8850-4063202FFE99}.Release|x64.ActiveCfg = Release|Any CPU
		{A770B41A-E212-485A-8850-4063202FFE99}.Release|x64.Build.0 = Release|Any CPU
		{A770B41A-E212-485A-8850-4063202FFE99}.Release|x86.ActiveCfg = Release|Any CPU
		{A770B41A-E212-485A-8850-4063202FFE99}.Release|x86.Build.0 = Release|Any CPU
		{10C0F19E-CD9F-439E-B8E7-A7E3BCF9B288}.Debug|Any CPU.ActiveCfg = Debug|Any CPU
		{10C0F19E-CD9F-439E-B8E7-A7E3BCF9B288}.Debug|Any CPU.Build.0 = Debug|Any CPU
		{10C0F19E-CD9F-439E-B8E7-A7E3BCF9B288}.Debug|x64.ActiveCfg = Debug|Any CPU
		{10C0F19E-CD9F-439E-B8E7-A7E3BCF9B288}.Debug|x64.Build.0 = Debug|Any CPU
		{10C0F19E-CD9F-439E-B8E7-A7E3BCF9B288}.Debug|x86.ActiveCfg = Debug|Any CPU
		{10C0F19E-CD9F-439E-B8E7-A7E3BCF9B288}.Debug|x86.Build.0 = Debug|Any CPU
		{10C0F19E-CD9F-439E-B8E7-A7E3BCF9B288}.Release|Any CPU.ActiveCfg = Release|Any CPU
		{10C0F19E-CD9F-439E-B8E7-A7E3BCF9B288}.Release|Any CPU.Build.0 = Release|Any CPU
		{10C0F19E-CD9F-439E-B8E7-A7E3BCF9B288}.Release|x64.ActiveCfg = Release|Any CPU
		{10C0F19E-CD9F-439E-B8E7-A7E3BCF9B288}.Release|x64.Build.0 = Release|Any CPU
		{10C0F19E-CD9F-439E-B8E7-A7E3BCF9B288}.Release|x86.ActiveCfg = Release|Any CPU
		{10C0F19E-CD9F-439E-B8E7-A7E3BCF9B288}.Release|x86.Build.0 = Release|Any CPU
		{F54C9BE7-C244-4100-8703-CE6E3D95D7A5}.Debug|Any CPU.ActiveCfg = Debug|Any CPU
		{F54C9BE7-C244-4100-8703-CE6E3D95D7A5}.Debug|Any CPU.Build.0 = Debug|Any CPU
		{F54C9BE7-C244-4100-8703-CE6E3D95D7A5}.Debug|x64.ActiveCfg = Debug|Any CPU
		{F54C9BE7-C244-4100-8703-CE6E3D95D7A5}.Debug|x64.Build.0 = Debug|Any CPU
		{F54C9BE7-C244-4100-8703-CE6E3D95D7A5}.Debug|x86.ActiveCfg = Debug|Any CPU
		{F54C9BE7-C244-4100-8703-CE6E3D95D7A5}.Debug|x86.Build.0 = Debug|Any CPU
		{F54C9BE7-C244-4100-8703-CE6E3D95D7A5}.Release|Any CPU.ActiveCfg = Release|Any CPU
		{F54C9BE7-C244-4100-8703-CE6E3D95D7A5}.Release|Any CPU.Build.0 = Release|Any CPU
		{F54C9BE7-C244-4100-8703-CE6E3D95D7A5}.Release|x64.ActiveCfg = Release|Any CPU
		{F54C9BE7-C244-4100-8703-CE6E3D95D7A5}.Release|x64.Build.0 = Release|Any CPU
		{F54C9BE7-C244-4100-8703-CE6E3D95D7A5}.Release|x86.ActiveCfg = Release|Any CPU
		{F54C9BE7-C244-4100-8703-CE6E3D95D7A5}.Release|x86.Build.0 = Release|Any CPU
		{C6E6CD09-EE87-47B7-A5DD-76CC56115C48}.Debug|Any CPU.ActiveCfg = Debug|Any CPU
		{C6E6CD09-EE87-47B7-A5DD-76CC56115C48}.Debug|Any CPU.Build.0 = Debug|Any CPU
		{C6E6CD09-EE87-47B7-A5DD-76CC56115C48}.Debug|x64.ActiveCfg = Debug|Any CPU
		{C6E6CD09-EE87-47B7-A5DD-76CC56115C48}.Debug|x64.Build.0 = Debug|Any CPU
		{C6E6CD09-EE87-47B7-A5DD-76CC56115C48}.Debug|x86.ActiveCfg = Debug|Any CPU
		{C6E6CD09-EE87-47B7-A5DD-76CC56115C48}.Debug|x86.Build.0 = Debug|Any CPU
		{C6E6CD09-EE87-47B7-A5DD-76CC56115C48}.Release|Any CPU.ActiveCfg = Release|Any CPU
		{C6E6CD09-EE87-47B7-A5DD-76CC56115C48}.Release|Any CPU.Build.0 = Release|Any CPU
		{C6E6CD09-EE87-47B7-A5DD-76CC56115C48}.Release|x64.ActiveCfg = Release|Any CPU
		{C6E6CD09-EE87-47B7-A5DD-76CC56115C48}.Release|x64.Build.0 = Release|Any CPU
		{C6E6CD09-EE87-47B7-A5DD-76CC56115C48}.Release|x86.ActiveCfg = Release|Any CPU
		{C6E6CD09-EE87-47B7-A5DD-76CC56115C48}.Release|x86.Build.0 = Release|Any CPU
		{21EEF5A4-7787-45D4-88E0-18BE830A947D}.Debug|Any CPU.ActiveCfg = Debug|Any CPU
		{21EEF5A4-7787-45D4-88E0-18BE830A947D}.Debug|Any CPU.Build.0 = Debug|Any CPU
		{21EEF5A4-7787-45D4-88E0-18BE830A947D}.Debug|x64.ActiveCfg = Debug|Any CPU
		{21EEF5A4-7787-45D4-88E0-18BE830A947D}.Debug|x64.Build.0 = Debug|Any CPU
		{21EEF5A4-7787-45D4-88E0-18BE830A947D}.Debug|x86.ActiveCfg = Debug|Any CPU
		{21EEF5A4-7787-45D4-88E0-18BE830A947D}.Debug|x86.Build.0 = Debug|Any CPU
		{21EEF5A4-7787-45D4-88E0-18BE830A947D}.Release|Any CPU.ActiveCfg = Release|Any CPU
		{21EEF5A4-7787-45D4-88E0-18BE830A947D}.Release|Any CPU.Build.0 = Release|Any CPU
		{21EEF5A4-7787-45D4-88E0-18BE830A947D}.Release|x64.ActiveCfg = Release|Any CPU
		{21EEF5A4-7787-45D4-88E0-18BE830A947D}.Release|x64.Build.0 = Release|Any CPU
		{21EEF5A4-7787-45D4-88E0-18BE830A947D}.Release|x86.ActiveCfg = Release|Any CPU
		{21EEF5A4-7787-45D4-88E0-18BE830A947D}.Release|x86.Build.0 = Release|Any CPU
		{487E4417-8879-4170-B9C7-648A62C2B5FC}.Debug|Any CPU.ActiveCfg = Debug|Any CPU
		{487E4417-8879-4170-B9C7-648A62C2B5FC}.Debug|Any CPU.Build.0 = Debug|Any CPU
		{487E4417-8879-4170-B9C7-648A62C2B5FC}.Debug|x64.ActiveCfg = Debug|Any CPU
		{487E4417-8879-4170-B9C7-648A62C2B5FC}.Debug|x64.Build.0 = Debug|Any CPU
		{487E4417-8879-4170-B9C7-648A62C2B5FC}.Debug|x86.ActiveCfg = Debug|Any CPU
		{487E4417-8879-4170-B9C7-648A62C2B5FC}.Debug|x86.Build.0 = Debug|Any CPU
		{487E4417-8879-4170-B9C7-648A62C2B5FC}.Release|Any CPU.ActiveCfg = Release|Any CPU
		{487E4417-8879-4170-B9C7-648A62C2B5FC}.Release|Any CPU.Build.0 = Release|Any CPU
		{487E4417-8879-4170-B9C7-648A62C2B5FC}.Release|x64.ActiveCfg = Release|Any CPU
		{487E4417-8879-4170-B9C7-648A62C2B5FC}.Release|x64.Build.0 = Release|Any CPU
		{487E4417-8879-4170-B9C7-648A62C2B5FC}.Release|x86.ActiveCfg = Release|Any CPU
		{487E4417-8879-4170-B9C7-648A62C2B5FC}.Release|x86.Build.0 = Release|Any CPU
		{8B11660A-00B5-4E1B-B432-E455FBDF34D3}.Debug|Any CPU.ActiveCfg = Debug|Any CPU
		{8B11660A-00B5-4E1B-B432-E455FBDF34D3}.Debug|Any CPU.Build.0 = Debug|Any CPU
		{8B11660A-00B5-4E1B-B432-E455FBDF34D3}.Debug|x64.ActiveCfg = Debug|Any CPU
		{8B11660A-00B5-4E1B-B432-E455FBDF34D3}.Debug|x64.Build.0 = Debug|Any CPU
		{8B11660A-00B5-4E1B-B432-E455FBDF34D3}.Debug|x86.ActiveCfg = Debug|Any CPU
		{8B11660A-00B5-4E1B-B432-E455FBDF34D3}.Debug|x86.Build.0 = Debug|Any CPU
		{8B11660A-00B5-4E1B-B432-E455FBDF34D3}.Release|Any CPU.ActiveCfg = Release|Any CPU
		{8B11660A-00B5-4E1B-B432-E455FBDF34D3}.Release|Any CPU.Build.0 = Release|Any CPU
		{8B11660A-00B5-4E1B-B432-E455FBDF34D3}.Release|x64.ActiveCfg = Release|Any CPU
		{8B11660A-00B5-4E1B-B432-E455FBDF34D3}.Release|x64.Build.0 = Release|Any CPU
		{8B11660A-00B5-4E1B-B432-E455FBDF34D3}.Release|x86.ActiveCfg = Release|Any CPU
		{8B11660A-00B5-4E1B-B432-E455FBDF34D3}.Release|x86.Build.0 = Release|Any CPU
		{FF92957B-73BF-4626-BCE8-A30A676D12AF}.Debug|Any CPU.ActiveCfg = Debug|Any CPU
		{FF92957B-73BF-4626-BCE8-A30A676D12AF}.Debug|Any CPU.Build.0 = Debug|Any CPU
		{FF92957B-73BF-4626-BCE8-A30A676D12AF}.Debug|x64.ActiveCfg = Debug|Any CPU
		{FF92957B-73BF-4626-BCE8-A30A676D12AF}.Debug|x64.Build.0 = Debug|Any CPU
		{FF92957B-73BF-4626-BCE8-A30A676D12AF}.Debug|x86.ActiveCfg = Debug|Any CPU
		{FF92957B-73BF-4626-BCE8-A30A676D12AF}.Debug|x86.Build.0 = Debug|Any CPU
		{FF92957B-73BF-4626-BCE8-A30A676D12AF}.Release|Any CPU.ActiveCfg = Release|Any CPU
		{FF92957B-73BF-4626-BCE8-A30A676D12AF}.Release|Any CPU.Build.0 = Release|Any CPU
		{FF92957B-73BF-4626-BCE8-A30A676D12AF}.Release|x64.ActiveCfg = Release|Any CPU
		{FF92957B-73BF-4626-BCE8-A30A676D12AF}.Release|x64.Build.0 = Release|Any CPU
		{FF92957B-73BF-4626-BCE8-A30A676D12AF}.Release|x86.ActiveCfg = Release|Any CPU
		{FF92957B-73BF-4626-BCE8-A30A676D12AF}.Release|x86.Build.0 = Release|Any CPU
		{DC90F581-6A82-486C-B6E5-12A2FFCF4D31}.Debug|Any CPU.ActiveCfg = Debug|Any CPU
		{DC90F581-6A82-486C-B6E5-12A2FFCF4D31}.Debug|Any CPU.Build.0 = Debug|Any CPU
		{DC90F581-6A82-486C-B6E5-12A2FFCF4D31}.Debug|x64.ActiveCfg = Debug|Any CPU
		{DC90F581-6A82-486C-B6E5-12A2FFCF4D31}.Debug|x64.Build.0 = Debug|Any CPU
		{DC90F581-6A82-486C-B6E5-12A2FFCF4D31}.Debug|x86.ActiveCfg = Debug|Any CPU
		{DC90F581-6A82-486C-B6E5-12A2FFCF4D31}.Debug|x86.Build.0 = Debug|Any CPU
		{DC90F581-6A82-486C-B6E5-12A2FFCF4D31}.Release|Any CPU.ActiveCfg = Release|Any CPU
		{DC90F581-6A82-486C-B6E5-12A2FFCF4D31}.Release|Any CPU.Build.0 = Release|Any CPU
		{DC90F581-6A82-486C-B6E5-12A2FFCF4D31}.Release|x64.ActiveCfg = Release|Any CPU
		{DC90F581-6A82-486C-B6E5-12A2FFCF4D31}.Release|x64.Build.0 = Release|Any CPU
		{DC90F581-6A82-486C-B6E5-12A2FFCF4D31}.Release|x86.ActiveCfg = Release|Any CPU
		{DC90F581-6A82-486C-B6E5-12A2FFCF4D31}.Release|x86.Build.0 = Release|Any CPU
		{8B9DF8EC-9AD6-47A2-A06E-ED7E5A185528}.Debug|Any CPU.ActiveCfg = Debug|Any CPU
		{8B9DF8EC-9AD6-47A2-A06E-ED7E5A185528}.Debug|Any CPU.Build.0 = Debug|Any CPU
		{8B9DF8EC-9AD6-47A2-A06E-ED7E5A185528}.Debug|x64.ActiveCfg = Debug|Any CPU
		{8B9DF8EC-9AD6-47A2-A06E-ED7E5A185528}.Debug|x64.Build.0 = Debug|Any CPU
		{8B9DF8EC-9AD6-47A2-A06E-ED7E5A185528}.Debug|x86.ActiveCfg = Debug|Any CPU
		{8B9DF8EC-9AD6-47A2-A06E-ED7E5A185528}.Debug|x86.Build.0 = Debug|Any CPU
		{8B9DF8EC-9AD6-47A2-A06E-ED7E5A185528}.Release|Any CPU.ActiveCfg = Release|Any CPU
		{8B9DF8EC-9AD6-47A2-A06E-ED7E5A185528}.Release|Any CPU.Build.0 = Release|Any CPU
		{8B9DF8EC-9AD6-47A2-A06E-ED7E5A185528}.Release|x64.ActiveCfg = Release|Any CPU
		{8B9DF8EC-9AD6-47A2-A06E-ED7E5A185528}.Release|x64.Build.0 = Release|Any CPU
		{8B9DF8EC-9AD6-47A2-A06E-ED7E5A185528}.Release|x86.ActiveCfg = Release|Any CPU
		{8B9DF8EC-9AD6-47A2-A06E-ED7E5A185528}.Release|x86.Build.0 = Release|Any CPU
		{10670B13-B732-4901-A7F7-8F29C4AE84E5}.Debug|Any CPU.ActiveCfg = Debug|Any CPU
		{10670B13-B732-4901-A7F7-8F29C4AE84E5}.Debug|Any CPU.Build.0 = Debug|Any CPU
		{10670B13-B732-4901-A7F7-8F29C4AE84E5}.Debug|x64.ActiveCfg = Debug|Any CPU
		{10670B13-B732-4901-A7F7-8F29C4AE84E5}.Debug|x64.Build.0 = Debug|Any CPU
		{10670B13-B732-4901-A7F7-8F29C4AE84E5}.Debug|x86.ActiveCfg = Debug|Any CPU
		{10670B13-B732-4901-A7F7-8F29C4AE84E5}.Debug|x86.Build.0 = Debug|Any CPU
		{10670B13-B732-4901-A7F7-8F29C4AE84E5}.Release|Any CPU.ActiveCfg = Release|Any CPU
		{10670B13-B732-4901-A7F7-8F29C4AE84E5}.Release|Any CPU.Build.0 = Release|Any CPU
		{10670B13-B732-4901-A7F7-8F29C4AE84E5}.Release|x64.ActiveCfg = Release|Any CPU
		{10670B13-B732-4901-A7F7-8F29C4AE84E5}.Release|x64.Build.0 = Release|Any CPU
		{10670B13-B732-4901-A7F7-8F29C4AE84E5}.Release|x86.ActiveCfg = Release|Any CPU
		{10670B13-B732-4901-A7F7-8F29C4AE84E5}.Release|x86.Build.0 = Release|Any CPU
		{AE3AFBCD-9E2D-4581-9826-ADAED7A2BBF8}.Debug|Any CPU.ActiveCfg = Debug|Any CPU
		{AE3AFBCD-9E2D-4581-9826-ADAED7A2BBF8}.Debug|Any CPU.Build.0 = Debug|Any CPU
		{AE3AFBCD-9E2D-4581-9826-ADAED7A2BBF8}.Debug|x64.ActiveCfg = Debug|Any CPU
		{AE3AFBCD-9E2D-4581-9826-ADAED7A2BBF8}.Debug|x64.Build.0 = Debug|Any CPU
		{AE3AFBCD-9E2D-4581-9826-ADAED7A2BBF8}.Debug|x86.ActiveCfg = Debug|Any CPU
		{AE3AFBCD-9E2D-4581-9826-ADAED7A2BBF8}.Debug|x86.Build.0 = Debug|Any CPU
		{AE3AFBCD-9E2D-4581-9826-ADAED7A2BBF8}.Release|Any CPU.ActiveCfg = Release|Any CPU
		{AE3AFBCD-9E2D-4581-9826-ADAED7A2BBF8}.Release|Any CPU.Build.0 = Release|Any CPU
		{AE3AFBCD-9E2D-4581-9826-ADAED7A2BBF8}.Release|x64.ActiveCfg = Release|Any CPU
		{AE3AFBCD-9E2D-4581-9826-ADAED7A2BBF8}.Release|x64.Build.0 = Release|Any CPU
		{AE3AFBCD-9E2D-4581-9826-ADAED7A2BBF8}.Release|x86.ActiveCfg = Release|Any CPU
		{AE3AFBCD-9E2D-4581-9826-ADAED7A2BBF8}.Release|x86.Build.0 = Release|Any CPU
		{FB4E2FFF-7621-4C7D-98D0-CE7BA7DDAD67}.Debug|Any CPU.ActiveCfg = Debug|Any CPU
		{FB4E2FFF-7621-4C7D-98D0-CE7BA7DDAD67}.Debug|Any CPU.Build.0 = Debug|Any CPU
		{FB4E2FFF-7621-4C7D-98D0-CE7BA7DDAD67}.Debug|x64.ActiveCfg = Debug|Any CPU
		{FB4E2FFF-7621-4C7D-98D0-CE7BA7DDAD67}.Debug|x64.Build.0 = Debug|Any CPU
		{FB4E2FFF-7621-4C7D-98D0-CE7BA7DDAD67}.Debug|x86.ActiveCfg = Debug|Any CPU
		{FB4E2FFF-7621-4C7D-98D0-CE7BA7DDAD67}.Debug|x86.Build.0 = Debug|Any CPU
		{FB4E2FFF-7621-4C7D-98D0-CE7BA7DDAD67}.Release|Any CPU.ActiveCfg = Release|Any CPU
		{FB4E2FFF-7621-4C7D-98D0-CE7BA7DDAD67}.Release|Any CPU.Build.0 = Release|Any CPU
		{FB4E2FFF-7621-4C7D-98D0-CE7BA7DDAD67}.Release|x64.ActiveCfg = Release|Any CPU
		{FB4E2FFF-7621-4C7D-98D0-CE7BA7DDAD67}.Release|x64.Build.0 = Release|Any CPU
		{FB4E2FFF-7621-4C7D-98D0-CE7BA7DDAD67}.Release|x86.ActiveCfg = Release|Any CPU
		{FB4E2FFF-7621-4C7D-98D0-CE7BA7DDAD67}.Release|x86.Build.0 = Release|Any CPU
	EndGlobalSection
EndGlobal
