
Microsoft Visual Studio Solution File, Format Version 12.00
# Visual Studio Version 17
VisualStudioVersion = 17.0.31903.59
MinimumVisualStudioVersion = 10.0.40219.1
Project("{FAE04EC0-301F-11D3-BF4B-00C04F79EFBC}") = "Tyuiu.SergeevSV.Sprint1.Task0.V25.Test", "Tyuiu.SergeevSV.Sprint1.Task0.V25.Test\Tyuiu.SergeevSV.Sprint1.Task0.V25.Test.csproj", "{ABC405F8-FE17-4EA2-B697-835C8DD2FD93}"
EndProject
Project("{FAE04EC0-301F-11D3-BF4B-00C04F79EFBC}") = "Tyuiu.SergeevSV.Sprint1.Task0.V25", "Tyuiu.SergeevSV.Sprint1.Task0.V25\Tyuiu.SergeevSV.Sprint1.Task0.V25.csproj", "{508A69AD-16D5-4080-BD06-638C69FED327}"
EndProject
Project("{FAE04EC0-301F-11D3-BF4B-00C04F79EFBC}") = "Tyuiu.SergeevSV.Sprint1.Task0.V25.Lib", "Tyuiu.SergeevSV.Sprint1.Task0.V25.Lib\Tyuiu.SergeevSV.Sprint1.Task0.V25.Lib.csproj", "{01799A38-4935-429A-ACF8-FAD7E06718D4}"
EndProject
Project("{FAE04EC0-301F-11D3-BF4B-00C04F79EFBC}") = "Tyuiu.SergeevSV.Sprint1.Task1.V26.Test", "Tyuiu.SergeevSV.Sprint1.Task1.V26.Test\Tyuiu.SergeevSV.Sprint1.Task1.V26.Test.csproj", "{7936D9E1-9562-49E4-A89C-E8D552E05B5C}"
EndProject
Project("{FAE04EC0-301F-11D3-BF4B-00C04F79EFBC}") = "Tyuiu.SergeevSV.Sprint1.Task1.V26.Lib", "Tyuiu.SergeevSV.Sprint1.Task1.V26.Lib\Tyuiu.SergeevSV.Sprint1.Task1.V26.Lib.csproj", "{A697F6FD-5232-4E59-97E5-897024F7A9CE}"
EndProject
Project("{FAE04EC0-301F-11D3-BF4B-00C04F79EFBC}") = "Tyuiu.SergeevSV.Sprint1.Task1.V26", "Tyuiu.SergeevSV.Sprint1.Task1.V26\Tyuiu.SergeevSV.Sprint1.Task1.V26.csproj", "{2156A11F-E64D-4796-B58D-80D0C471D130}"
EndProject
Project("{FAE04EC0-301F-11D3-BF4B-00C04F79EFBC}") = "Tyuiu.SergeevSV.Sprint1.Task2.V19", "Tyuiu.SergeevSV.Sprint1.Task2.V19\Tyuiu.SergeevSV.Sprint1.Task2.V19.csproj", "{89FF802B-23A7-4772-B31C-D8F1E09723CF}"
EndProject
Project("{FAE04EC0-301F-11D3-BF4B-00C04F79EFBC}") = "Tyuiu.SergeevSV.Sprint1.Task2.V19.Lib", "Tyuiu.SergeevSV.Sprint1.Task2.V19.Lib\Tyuiu.SergeevSV.Sprint1.Task2.V19.Lib.csproj", "{E1017615-27E9-4600-813C-F6B50FF1807C}"
EndProject
Project("{FAE04EC0-301F-11D3-BF4B-00C04F79EFBC}") = "Tyuiu.SergeevSV.Sprint1.Task2.V19.Test", "Tyuiu.SergeevSV.Sprint1.Task2.V19.Test\Tyuiu.SergeevSV.Sprint1.Task2.V19.Test.csproj", "{AEF9055A-340E-4A25-9F9B-77AD2444E472}"
EndProject
Project("{FAE04EC0-301F-11D3-BF4B-00C04F79EFBC}") = "Tyuiu.SergeevSV.Sprint1.Task3.V5", "Tyuiu.SergeevSV.Sprint1.Task3.V5\Tyuiu.SergeevSV.Sprint1.Task3.V5.csproj", "{CE66D273-C76A-4EC5-89D4-4653232DE7F6}"
EndProject
Project("{FAE04EC0-301F-11D3-BF4B-00C04F79EFBC}") = "Tyuiu.SergeevSV.Sprint1.Task3.V5.Lib", "Tyuiu.SergeevSV.Sprint1.Task3.V5.Lib\Tyuiu.SergeevSV.Sprint1.Task3.V5.Lib.csproj", "{E48FFC4F-8FBA-4FA5-ACC8-989CD28E228E}"
EndProject
Project("{FAE04EC0-301F-11D3-BF4B-00C04F79EFBC}") = "Tyuiu.SergeevSV.Sprint1.Task3.V5.Test", "Tyuiu.SergeevSV.Sprint1.Task3.V5.Test\Tyuiu.SergeevSV.Sprint1.Task3.V5.Test.csproj", "{700F8A59-7328-4313-8185-C89D8D94AF28}"
EndProject
Project("{FAE04EC0-301F-11D3-BF4B-00C04F79EFBC}") = "Tyuiu.SergeevSV.Sprint1.Task4.V16", "Tyuiu.SergeevSV.Sprint1.Task4.V16\Tyuiu.SergeevSV.Sprint1.Task4.V16.csproj", "{AB53109F-B8A0-4157-AD86-9E042B2FB7F3}"
EndProject
Project("{FAE04EC0-301F-11D3-BF4B-00C04F79EFBC}") = "Tyuiu.SergeevSV.Sprint1.Task4.V16.Lib", "Tyuiu.SergeevSV.Sprint1.Task4.V16.Lib\Tyuiu.SergeevSV.Sprint1.Task4.V16.Lib.csproj", "{903335A5-2C40-4B09-BC53-6B9947E90D14}"
EndProject
Project("{FAE04EC0-301F-11D3-BF4B-00C04F79EFBC}") = "Tyuiu.SergeevSV.Sprint1.Task4.V16.Test", "Tyuiu.SergeevSV.Sprint1.Task4.V16.Test\Tyuiu.SergeevSV.Sprint1.Task4.V16.Test.csproj", "{86E7966A-DE35-4BAD-BE62-B7B623225B43}"
EndProject
Project("{FAE04EC0-301F-11D3-BF4B-00C04F79EFBC}") = "Tyuiu.SergeevSV.Sprint1.Task5.V1", "Tyuiu.SergeevSV.Sprint1.Task5.V1\Tyuiu.SergeevSV.Sprint1.Task5.V1.csproj", "{D875CF1F-B8A4-4B1D-9119-326DBAF83B58}"
EndProject
Project("{FAE04EC0-301F-11D3-BF4B-00C04F79EFBC}") = "Tyuiu.SergeevSV.Sprint1.Task5.V1.Lib", "Tyuiu.SergeevSV.Sprint1.Task5.V1.Lib\Tyuiu.SergeevSV.Sprint1.Task5.V1.Lib.csproj", "{C15B6B40-01B4-4E8F-9723-9BA64F653D8E}"
EndProject
Project("{FAE04EC0-301F-11D3-BF4B-00C04F79EFBC}") = "Tyuiu.SergeevSV.Sprint1.Task5.V1.Test", "Tyuiu.SergeevSV.Sprint1.Task5.V1.Test\Tyuiu.SergeevSV.Sprint1.Task5.V1.Test.csproj", "{FF52A41C-85E2-4A67-AF53-77DAB9B11012}"
EndProject
Project("{FAE04EC0-301F-11D3-BF4B-00C04F79EFBC}") = "Tyuiu.SergeevSV.Sprint1.Task6.V2", "Tyuiu.SergeevSV.Sprint1.Task6.V2\Tyuiu.SergeevSV.Sprint1.Task6.V2.csproj", "{376AFB18-73C7-4931-9593-5DC3BF5DA836}"
EndProject
Project("{FAE04EC0-301F-11D3-BF4B-00C04F79EFBC}") = "Tyuiu.SergeevSV.Sprint1.Task6.V2.Lib", "Tyuiu.SergeevSV.Sprint1.Task6.V2.Lib\Tyuiu.SergeevSV.Sprint1.Task6.V2.Lib.csproj", "{0A26C623-A561-4FDC-9BC3-DDC763992C3F}"
EndProject
Project("{FAE04EC0-301F-11D3-BF4B-00C04F79EFBC}") = "Tyuiu.SergeevSV.Sprint1.Task6.V2.Test", "Tyuiu.SergeevSV.Sprint1.Task6.V2.Test\Tyuiu.SergeevSV.Sprint1.Task6.V2.Test.csproj", "{0FF7BDA4-F10D-441C-A91C-458400D3A473}"
EndProject
Project("{FAE04EC0-301F-11D3-BF4B-00C04F79EFBC}") = "Tyuiu.SergeevSV.Sprint1.Task7.V16", "Tyuiu.SergeevSV.Sprint1.Task7.V16\Tyuiu.SergeevSV.Sprint1.Task7.V16.csproj", "{52C35F34-53CA-47D3-91E4-2117F7975571}"
EndProject
Project("{FAE04EC0-301F-11D3-BF4B-00C04F79EFBC}") = "Tyuiu.SergeevSV.Sprint1.Task7.V16.Lib", "Tyuiu.SergeevSV.Sprint1.Task7.V16.Lib\Tyuiu.SergeevSV.Sprint1.Task7.V16.Lib.csproj", "{4DB3748D-1A8C-4FD0-9696-49F1F534FC5F}"
EndProject
Project("{FAE04EC0-301F-11D3-BF4B-00C04F79EFBC}") = "Tyuiu.SergeevSV.Sprint1.Task7.V16.Test", "Tyuiu.SergeevSV.Sprint1.Task7.V16.Test\Tyuiu.SergeevSV.Sprint1.Task7.V16.Test.csproj", "{28E8E77E-44D9-4714-8491-643BF479C08A}"
EndProject
Global
	GlobalSection(SolutionProperties) = preSolution
		HideSolutionNode = FALSE
	EndGlobalSection
	GlobalSection(SolutionConfigurationPlatforms) = preSolution
		Debug|Any CPU = Debug|Any CPU
		Debug|x64 = Debug|x64
		Debug|x86 = Debug|x86
		Release|Any CPU = Release|Any CPU
		Release|x64 = Release|x64
		Release|x86 = Release|x86
	EndGlobalSection
	GlobalSection(ProjectConfigurationPlatforms) = postSolution
		{ABC405F8-FE17-4EA2-B697-835C8DD2FD93}.Debug|Any CPU.ActiveCfg = Debug|Any CPU
		{ABC405F8-FE17-4EA2-B697-835C8DD2FD93}.Debug|Any CPU.Build.0 = Debug|Any CPU
		{ABC405F8-FE17-4EA2-B697-835C8DD2FD93}.Debug|x64.ActiveCfg = Debug|Any CPU
		{ABC405F8-FE17-4EA2-B697-835C8DD2FD93}.Debug|x64.Build.0 = Debug|Any CPU
		{ABC405F8-FE17-4EA2-B697-835C8DD2FD93}.Debug|x86.ActiveCfg = Debug|Any CPU
		{ABC405F8-FE17-4EA2-B697-835C8DD2FD93}.Debug|x86.Build.0 = Debug|Any CPU
		{ABC405F8-FE17-4EA2-B697-835C8DD2FD93}.Release|Any CPU.ActiveCfg = Release|Any CPU
		{ABC405F8-FE17-4EA2-B697-835C8DD2FD93}.Release|Any CPU.Build.0 = Release|Any CPU
		{ABC405F8-FE17-4EA2-B697-835C8DD2FD93}.Release|x64.ActiveCfg = Release|Any CPU
		{ABC405F8-FE17-4EA2-B697-835C8DD2FD93}.Release|x64.Build.0 = Release|Any CPU
		{ABC405F8-FE17-4EA2-B697-835C8DD2FD93}.Release|x86.ActiveCfg = Release|Any CPU
		{ABC405F8-FE17-4EA2-B697-835C8DD2FD93}.Release|x86.Build.0 = Release|Any CPU
		{508A69AD-16D5-4080-BD06-638C69FED327}.Debug|Any CPU.ActiveCfg = Debug|Any CPU
		{508A69AD-16D5-4080-BD06-638C69FED327}.Debug|Any CPU.Build.0 = Debug|Any CPU
		{508A69AD-16D5-4080-BD06-638C69FED327}.Debug|x64.ActiveCfg = Debug|Any CPU
		{508A69AD-16D5-4080-BD06-638C69FED327}.Debug|x64.Build.0 = Debug|Any CPU
		{508A69AD-16D5-4080-BD06-638C69FED327}.Debug|x86.ActiveCfg = Debug|Any CPU
		{508A69AD-16D5-4080-BD06-638C69FED327}.Debug|x86.Build.0 = Debug|Any CPU
		{508A69AD-16D5-4080-BD06-638C69FED327}.Release|Any CPU.ActiveCfg = Release|Any CPU
		{508A69AD-16D5-4080-BD06-638C69FED327}.Release|Any CPU.Build.0 = Release|Any CPU
		{508A69AD-16D5-4080-BD06-638C69FED327}.Release|x64.ActiveCfg = Release|Any CPU
		{508A69AD-16D5-4080-BD06-638C69FED327}.Release|x64.Build.0 = Release|Any CPU
		{508A69AD-16D5-4080-BD06-638C69FED327}.Release|x86.ActiveCfg = Release|Any CPU
		{508A69AD-16D5-4080-BD06-638C69FED327}.Release|x86.Build.0 = Release|Any CPU
		{01799A38-4935-429A-ACF8-FAD7E06718D4}.Debug|Any CPU.ActiveCfg = Debug|Any CPU
		{01799A38-4935-429A-ACF8-FAD7E06718D4}.Debug|Any CPU.Build.0 = Debug|Any CPU
		{01799A38-4935-429A-ACF8-FAD7E06718D4}.Debug|x64.ActiveCfg = Debug|Any CPU
		{01799A38-4935-429A-ACF8-FAD7E06718D4}.Debug|x64.Build.0 = Debug|Any CPU
		{01799A38-4935-429A-ACF8-FAD7E06718D4}.Debug|x86.ActiveCfg = Debug|Any CPU
		{01799A38-4935-429A-ACF8-FAD7E06718D4}.Debug|x86.Build.0 = Debug|Any CPU
		{01799A38-4935-429A-ACF8-FAD7E06718D4}.Release|Any CPU.ActiveCfg = Release|Any CPU
		{01799A38-4935-429A-ACF8-FAD7E06718D4}.Release|Any CPU.Build.0 = Release|Any CPU
		{01799A38-4935-429A-ACF8-FAD7E06718D4}.Release|x64.ActiveCfg = Release|Any CPU
		{01799A38-4935-429A-ACF8-FAD7E06718D4}.Release|x64.Build.0 = Release|Any CPU
		{01799A38-4935-429A-ACF8-FAD7E06718D4}.Release|x86.ActiveCfg = Release|Any CPU
		{01799A38-4935-429A-ACF8-FAD7E06718D4}.Release|x86.Build.0 = Release|Any CPU
		{7936D9E1-9562-49E4-A89C-E8D552E05B5C}.Debug|Any CPU.ActiveCfg = Debug|Any CPU
		{7936D9E1-9562-49E4-A89C-E8D552E05B5C}.Debug|Any CPU.Build.0 = Debug|Any CPU
		{7936D9E1-9562-49E4-A89C-E8D552E05B5C}.Debug|x64.ActiveCfg = Debug|Any CPU
		{7936D9E1-9562-49E4-A89C-E8D552E05B5C}.Debug|x64.Build.0 = Debug|Any CPU
		{7936D9E1-9562-49E4-A89C-E8D552E05B5C}.Debug|x86.ActiveCfg = Debug|Any CPU
		{7936D9E1-9562-49E4-A89C-E8D552E05B5C}.Debug|x86.Build.0 = Debug|Any CPU
		{7936D9E1-9562-49E4-A89C-E8D552E05B5C}.Release|Any CPU.ActiveCfg = Release|Any CPU
		{7936D9E1-9562-49E4-A89C-E8D552E05B5C}.Release|Any CPU.Build.0 = Release|Any CPU
		{7936D9E1-9562-49E4-A89C-E8D552E05B5C}.Release|x64.ActiveCfg = Release|Any CPU
		{7936D9E1-9562-49E4-A89C-E8D552E05B5C}.Release|x64.Build.0 = Release|Any CPU
		{7936D9E1-9562-49E4-A89C-E8D552E05B5C}.Release|x86.ActiveCfg = Release|Any CPU
		{7936D9E1-9562-49E4-A89C-E8D552E05B5C}.Release|x86.Build.0 = Release|Any CPU
		{A697F6FD-5232-4E59-97E5-897024F7A9CE}.Debug|Any CPU.ActiveCfg = Debug|Any CPU
		{A697F6FD-5232-4E59-97E5-897024F7A9CE}.Debug|Any CPU.Build.0 = Debug|Any CPU
		{A697F6FD-5232-4E59-97E5-897024F7A9CE}.Debug|x64.ActiveCfg = Debug|Any CPU
		{A697F6FD-5232-4E59-97E5-897024F7A9CE}.Debug|x64.Build.0 = Debug|Any CPU
		{A697F6FD-5232-4E59-97E5-897024F7A9CE}.Debug|x86.ActiveCfg = Debug|Any CPU
		{A697F6FD-5232-4E59-97E5-897024F7A9CE}.Debug|x86.Build.0 = Debug|Any CPU
		{A697F6FD-5232-4E59-97E5-897024F7A9CE}.Release|Any CPU.ActiveCfg = Release|Any CPU
		{A697F6FD-5232-4E59-97E5-897024F7A9CE}.Release|Any CPU.Build.0 = Release|Any CPU
		{A697F6FD-5232-4E59-97E5-897024F7A9CE}.Release|x64.ActiveCfg = Release|Any CPU
		{A697F6FD-5232-4E59-97E5-897024F7A9CE}.Release|x64.Build.0 = Release|Any CPU
		{A697F6FD-5232-4E59-97E5-897024F7A9CE}.Release|x86.ActiveCfg = Release|Any CPU
		{A697F6FD-5232-4E59-97E5-897024F7A9CE}.Release|x86.Build.0 = Release|Any CPU
		{2156A11F-E64D-4796-B58D-80D0C471D130}.Debug|Any CPU.ActiveCfg = Debug|Any CPU
		{2156A11F-E64D-4796-B58D-80D0C471D130}.Debug|Any CPU.Build.0 = Debug|Any CPU
		{2156A11F-E64D-4796-B58D-80D0C471D130}.Debug|x64.ActiveCfg = Debug|Any CPU
		{2156A11F-E64D-4796-B58D-80D0C471D130}.Debug|x64.Build.0 = Debug|Any CPU
		{2156A11F-E64D-4796-B58D-80D0C471D130}.Debug|x86.ActiveCfg = Debug|Any CPU
		{2156A11F-E64D-4796-B58D-80D0C471D130}.Debug|x86.Build.0 = Debug|Any CPU
		{2156A11F-E64D-4796-B58D-80D0C471D130}.Release|Any CPU.ActiveCfg = Release|Any CPU
		{2156A11F-E64D-4796-B58D-80D0C471D130}.Release|Any CPU.Build.0 = Release|Any CPU
		{2156A11F-E64D-4796-B58D-80D0C471D130}.Release|x64.ActiveCfg = Release|Any CPU
		{2156A11F-E64D-4796-B58D-80D0C471D130}.Release|x64.Build.0 = Release|Any CPU
		{2156A11F-E64D-4796-B58D-80D0C471D130}.Release|x86.ActiveCfg = Release|Any CPU
		{2156A11F-E64D-4796-B58D-80D0C471D130}.Release|x86.Build.0 = Release|Any CPU
		{89FF802B-23A7-4772-B31C-D8F1E09723CF}.Debug|Any CPU.ActiveCfg = Debug|Any CPU
		{89FF802B-23A7-4772-B31C-D8F1E09723CF}.Debug|Any CPU.Build.0 = Debug|Any CPU
		{89FF802B-23A7-4772-B31C-D8F1E09723CF}.Debug|x64.ActiveCfg = Debug|Any CPU
		{89FF802B-23A7-4772-B31C-D8F1E09723CF}.Debug|x64.Build.0 = Debug|Any CPU
		{89FF802B-23A7-4772-B31C-D8F1E09723CF}.Debug|x86.ActiveCfg = Debug|Any CPU
		{89FF802B-23A7-4772-B31C-D8F1E09723CF}.Debug|x86.Build.0 = Debug|Any CPU
		{89FF802B-23A7-4772-B31C-D8F1E09723CF}.Release|Any CPU.ActiveCfg = Release|Any CPU
		{89FF802B-23A7-4772-B31C-D8F1E09723CF}.Release|Any CPU.Build.0 = Release|Any CPU
		{89FF802B-23A7-4772-B31C-D8F1E09723CF}.Release|x64.ActiveCfg = Release|Any CPU
		{89FF802B-23A7-4772-B31C-D8F1E09723CF}.Release|x64.Build.0 = Release|Any CPU
		{89FF802B-23A7-4772-B31C-D8F1E09723CF}.Release|x86.ActiveCfg = Release|Any CPU
		{89FF802B-23A7-4772-B31C-D8F1E09723CF}.Release|x86.Build.0 = Release|Any CPU
		{E1017615-27E9-4600-813C-F6B50FF1807C}.Debug|Any CPU.ActiveCfg = Debug|Any CPU
		{E1017615-27E9-4600-813C-F6B50FF1807C}.Debug|Any CPU.Build.0 = Debug|Any CPU
		{E1017615-27E9-4600-813C-F6B50FF1807C}.Debug|x64.ActiveCfg = Debug|Any CPU
		{E1017615-27E9-4600-813C-F6B50FF1807C}.Debug|x64.Build.0 = Debug|Any CPU
		{E1017615-27E9-4600-813C-F6B50FF1807C}.Debug|x86.ActiveCfg = Debug|Any CPU
		{E1017615-27E9-4600-813C-F6B50FF1807C}.Debug|x86.Build.0 = Debug|Any CPU
		{E1017615-27E9-4600-813C-F6B50FF1807C}.Release|Any CPU.ActiveCfg = Release|Any CPU
		{E1017615-27E9-4600-813C-F6B50FF1807C}.Release|Any CPU.Build.0 = Release|Any CPU
		{E1017615-27E9-4600-813C-F6B50FF1807C}.Release|x64.ActiveCfg = Release|Any CPU
		{E1017615-27E9-4600-813C-F6B50FF1807C}.Release|x64.Build.0 = Release|Any CPU
		{E1017615-27E9-4600-813C-F6B50FF1807C}.Release|x86.ActiveCfg = Release|Any CPU
		{E1017615-27E9-4600-813C-F6B50FF1807C}.Release|x86.Build.0 = Release|Any CPU
		{AEF9055A-340E-4A25-9F9B-77AD2444E472}.Debug|Any CPU.ActiveCfg = Debug|Any CPU
		{AEF9055A-340E-4A25-9F9B-77AD2444E472}.Debug|Any CPU.Build.0 = Debug|Any CPU
		{AEF9055A-340E-4A25-9F9B-77AD2444E472}.Debug|x64.ActiveCfg = Debug|Any CPU
		{AEF9055A-340E-4A25-9F9B-77AD2444E472}.Debug|x64.Build.0 = Debug|Any CPU
		{AEF9055A-340E-4A25-9F9B-77AD2444E472}.Debug|x86.ActiveCfg = Debug|Any CPU
		{AEF9055A-340E-4A25-9F9B-77AD2444E472}.Debug|x86.Build.0 = Debug|Any CPU
		{AEF9055A-340E-4A25-9F9B-77AD2444E472}.Release|Any CPU.ActiveCfg = Release|Any CPU
		{AEF9055A-340E-4A25-9F9B-77AD2444E472}.Release|Any CPU.Build.0 = Release|Any CPU
		{AEF9055A-340E-4A25-9F9B-77AD2444E472}.Release|x64.ActiveCfg = Release|Any CPU
		{AEF9055A-340E-4A25-9F9B-77AD2444E472}.Release|x64.Build.0 = Release|Any CPU
		{AEF9055A-340E-4A25-9F9B-77AD2444E472}.Release|x86.ActiveCfg = Release|Any CPU
		{AEF9055A-340E-4A25-9F9B-77AD2444E472}.Release|x86.Build.0 = Release|Any CPU
		{CE66D273-C76A-4EC5-89D4-4653232DE7F6}.Debug|Any CPU.ActiveCfg = Debug|Any CPU
		{CE66D273-C76A-4EC5-89D4-4653232DE7F6}.Debug|Any CPU.Build.0 = Debug|Any CPU
		{CE66D273-C76A-4EC5-89D4-4653232DE7F6}.Debug|x64.ActiveCfg = Debug|Any CPU
		{CE66D273-C76A-4EC5-89D4-4653232DE7F6}.Debug|x64.Build.0 = Debug|Any CPU
		{CE66D273-C76A-4EC5-89D4-4653232DE7F6}.Debug|x86.ActiveCfg = Debug|Any CPU
		{CE66D273-C76A-4EC5-89D4-4653232DE7F6}.Debug|x86.Build.0 = Debug|Any CPU
		{CE66D273-C76A-4EC5-89D4-4653232DE7F6}.Release|Any CPU.ActiveCfg = Release|Any CPU
		{CE66D273-C76A-4EC5-89D4-4653232DE7F6}.Release|Any CPU.Build.0 = Release|Any CPU
		{CE66D273-C76A-4EC5-89D4-4653232DE7F6}.Release|x64.ActiveCfg = Release|Any CPU
		{CE66D273-C76A-4EC5-89D4-4653232DE7F6}.Release|x64.Build.0 = Release|Any CPU
		{CE66D273-C76A-4EC5-89D4-4653232DE7F6}.Release|x86.ActiveCfg = Release|Any CPU
		{CE66D273-C76A-4EC5-89D4-4653232DE7F6}.Release|x86.Build.0 = Release|Any CPU
		{E48FFC4F-8FBA-4FA5-ACC8-989CD28E228E}.Debug|Any CPU.ActiveCfg = Debug|Any CPU
		{E48FFC4F-8FBA-4FA5-ACC8-989CD28E228E}.Debug|Any CPU.Build.0 = Debug|Any CPU
		{E48FFC4F-8FBA-4FA5-ACC8-989CD28E228E}.Debug|x64.ActiveCfg = Debug|Any CPU
		{E48FFC4F-8FBA-4FA5-ACC8-989CD28E228E}.Debug|x64.Build.0 = Debug|Any CPU
		{E48FFC4F-8FBA-4FA5-ACC8-989CD28E228E}.Debug|x86.ActiveCfg = Debug|Any CPU
		{E48FFC4F-8FBA-4FA5-ACC8-989CD28E228E}.Debug|x86.Build.0 = Debug|Any CPU
		{E48FFC4F-8FBA-4FA5-ACC8-989CD28E228E}.Release|Any CPU.ActiveCfg = Release|Any CPU
		{E48FFC4F-8FBA-4FA5-ACC8-989CD28E228E}.Release|Any CPU.Build.0 = Release|Any CPU
		{E48FFC4F-8FBA-4FA5-ACC8-989CD28E228E}.Release|x64.ActiveCfg = Release|Any CPU
		{E48FFC4F-8FBA-4FA5-ACC8-989CD28E228E}.Release|x64.Build.0 = Release|Any CPU
		{E48FFC4F-8FBA-4FA5-ACC8-989CD28E228E}.Release|x86.ActiveCfg = Release|Any CPU
		{E48FFC4F-8FBA-4FA5-ACC8-989CD28E228E}.Release|x86.Build.0 = Release|Any CPU
		{700F8A59-7328-4313-8185-C89D8D94AF28}.Debug|Any CPU.ActiveCfg = Debug|Any CPU
		{700F8A59-7328-4313-8185-C89D8D94AF28}.Debug|Any CPU.Build.0 = Debug|Any CPU
		{700F8A59-7328-4313-8185-C89D8D94AF28}.Debug|x64.ActiveCfg = Debug|Any CPU
		{700F8A59-7328-4313-8185-C89D8D94AF28}.Debug|x64.Build.0 = Debug|Any CPU
		{700F8A59-7328-4313-8185-C89D8D94AF28}.Debug|x86.ActiveCfg = Debug|Any CPU
		{700F8A59-7328-4313-8185-C89D8D94AF28}.Debug|x86.Build.0 = Debug|Any CPU
		{700F8A59-7328-4313-8185-C89D8D94AF28}.Release|Any CPU.ActiveCfg = Release|Any CPU
		{700F8A59-7328-4313-8185-C89D8D94AF28}.Release|Any CPU.Build.0 = Release|Any CPU
		{700F8A59-7328-4313-8185-C89D8D94AF28}.Release|x64.ActiveCfg = Release|Any CPU
		{700F8A59-7328-4313-8185-C89D8D94AF28}.Release|x64.Build.0 = Release|Any CPU
		{700F8A59-7328-4313-8185-C89D8D94AF28}.Release|x86.ActiveCfg = Release|Any CPU
		{700F8A59-7328-4313-8185-C89D8D94AF28}.Release|x86.Build.0 = Release|Any CPU
		{AB53109F-B8A0-4157-AD86-9E042B2FB7F3}.Debug|Any CPU.ActiveCfg = Debug|Any CPU
		{AB53109F-B8A0-4157-AD86-9E042B2FB7F3}.Debug|Any CPU.Build.0 = Debug|Any CPU
		{AB53109F-B8A0-4157-AD86-9E042B2FB7F3}.Debug|x64.ActiveCfg = Debug|Any CPU
		{AB53109F-B8A0-4157-AD86-9E042B2FB7F3}.Debug|x64.Build.0 = Debug|Any CPU
		{AB53109F-B8A0-4157-AD86-9E042B2FB7F3}.Debug|x86.ActiveCfg = Debug|Any CPU
		{AB53109F-B8A0-4157-AD86-9E042B2FB7F3}.Debug|x86.Build.0 = Debug|Any CPU
		{AB53109F-B8A0-4157-AD86-9E042B2FB7F3}.Release|Any CPU.ActiveCfg = Release|Any CPU
		{AB53109F-B8A0-4157-AD86-9E042B2FB7F3}.Release|Any CPU.Build.0 = Release|Any CPU
		{AB53109F-B8A0-4157-AD86-9E042B2FB7F3}.Release|x64.ActiveCfg = Release|Any CPU
		{AB53109F-B8A0-4157-AD86-9E042B2FB7F3}.Release|x64.Build.0 = Release|Any CPU
		{AB53109F-B8A0-4157-AD86-9E042B2FB7F3}.Release|x86.ActiveCfg = Release|Any CPU
		{AB53109F-B8A0-4157-AD86-9E042B2FB7F3}.Release|x86.Build.0 = Release|Any CPU
		{903335A5-2C40-4B09-BC53-6B9947E90D14}.Debug|Any CPU.ActiveCfg = Debug|Any CPU
		{903335A5-2C40-4B09-BC53-6B9947E90D14}.Debug|Any CPU.Build.0 = Debug|Any CPU
		{903335A5-2C40-4B09-BC53-6B9947E90D14}.Debug|x64.ActiveCfg = Debug|Any CPU
		{903335A5-2C40-4B09-BC53-6B9947E90D14}.Debug|x64.Build.0 = Debug|Any CPU
		{903335A5-2C40-4B09-BC53-6B9947E90D14}.Debug|x86.ActiveCfg = Debug|Any CPU
		{903335A5-2C40-4B09-BC53-6B9947E90D14}.Debug|x86.Build.0 = Debug|Any CPU
		{903335A5-2C40-4B09-BC53-6B9947E90D14}.Release|Any CPU.ActiveCfg = Release|Any CPU
		{903335A5-2C40-4B09-BC53-6B9947E90D14}.Release|Any CPU.Build.0 = Release|Any CPU
		{903335A5-2C40-4B09-BC53-6B9947E90D14}.Release|x64.ActiveCfg = Release|Any CPU
		{903335A5-2C40-4B09-BC53-6B9947E90D14}.Release|x64.Build.0 = Release|Any CPU
		{903335A5-2C40-4B09-BC53-6B9947E90D14}.Release|x86.ActiveCfg = Release|Any CPU
		{903335A5-2C40-4B09-BC53-6B9947E90D14}.Release|x86.Build.0 = Release|Any CPU
		{86E7966A-DE35-4BAD-BE62-B7B623225B43}.Debug|Any CPU.ActiveCfg = Debug|Any CPU
		{86E7966A-DE35-4BAD-BE62-B7B623225B43}.Debug|Any CPU.Build.0 = Debug|Any CPU
		{86E7966A-DE35-4BAD-BE62-B7B623225B43}.Debug|x64.ActiveCfg = Debug|Any CPU
		{86E7966A-DE35-4BAD-BE62-B7B623225B43}.Debug|x64.Build.0 = Debug|Any CPU
		{86E7966A-DE35-4BAD-BE62-B7B623225B43}.Debug|x86.ActiveCfg = Debug|Any CPU
		{86E7966A-DE35-4BAD-BE62-B7B623225B43}.Debug|x86.Build.0 = Debug|Any CPU
		{86E7966A-DE35-4BAD-BE62-B7B623225B43}.Release|Any CPU.ActiveCfg = Release|Any CPU
		{86E7966A-DE35-4BAD-BE62-B7B623225B43}.Release|Any CPU.Build.0 = Release|Any CPU
		{86E7966A-DE35-4BAD-BE62-B7B623225B43}.Release|x64.ActiveCfg = Release|Any CPU
		{86E7966A-DE35-4BAD-BE62-B7B623225B43}.Release|x64.Build.0 = Release|Any CPU
		{86E7966A-DE35-4BAD-BE62-B7B623225B43}.Release|x86.ActiveCfg = Release|Any CPU
		{86E7966A-DE35-4BAD-BE62-B7B623225B43}.Release|x86.Build.0 = Release|Any CPU
		{D875CF1F-B8A4-4B1D-9119-326DBAF83B58}.Debug|Any CPU.ActiveCfg = Debug|Any CPU
		{D875CF1F-B8A4-4B1D-9119-326DBAF83B58}.Debug|Any CPU.Build.0 = Debug|Any CPU
		{D875CF1F-B8A4-4B1D-9119-326DBAF83B58}.Debug|x64.ActiveCfg = Debug|Any CPU
		{D875CF1F-B8A4-4B1D-9119-326DBAF83B58}.Debug|x64.Build.0 = Debug|Any CPU
		{D875CF1F-B8A4-4B1D-9119-326DBAF83B58}.Debug|x86.ActiveCfg = Debug|Any CPU
		{D875CF1F-B8A4-4B1D-9119-326DBAF83B58}.Debug|x86.Build.0 = Debug|Any CPU
		{D875CF1F-B8A4-4B1D-9119-326DBAF83B58}.Release|Any CPU.ActiveCfg = Release|Any CPU
		{D875CF1F-B8A4-4B1D-9119-326DBAF83B58}.Release|Any CPU.Build.0 = Release|Any CPU
		{D875CF1F-B8A4-4B1D-9119-326DBAF83B58}.Release|x64.ActiveCfg = Release|Any CPU
		{D875CF1F-B8A4-4B1D-9119-326DBAF83B58}.Release|x64.Build.0 = Release|Any CPU
		{D875CF1F-B8A4-4B1D-9119-326DBAF83B58}.Release|x86.ActiveCfg = Release|Any CPU
		{D875CF1F-B8A4-4B1D-9119-326DBAF83B58}.Release|x86.Build.0 = Release|Any CPU
		{C15B6B40-01B4-4E8F-9723-9BA64F653D8E}.Debug|Any CPU.ActiveCfg = Debug|Any CPU
		{C15B6B40-01B4-4E8F-9723-9BA64F653D8E}.Debug|Any CPU.Build.0 = Debug|Any CPU
		{C15B6B40-01B4-4E8F-9723-9BA64F653D8E}.Debug|x64.ActiveCfg = Debug|Any CPU
		{C15B6B40-01B4-4E8F-9723-9BA64F653D8E}.Debug|x64.Build.0 = Debug|Any CPU
		{C15B6B40-01B4-4E8F-9723-9BA64F653D8E}.Debug|x86.ActiveCfg = Debug|Any CPU
		{C15B6B40-01B4-4E8F-9723-9BA64F653D8E}.Debug|x86.Build.0 = Debug|Any CPU
		{C15B6B40-01B4-4E8F-9723-9BA64F653D8E}.Release|Any CPU.ActiveCfg = Release|Any CPU
		{C15B6B40-01B4-4E8F-9723-9BA64F653D8E}.Release|Any CPU.Build.0 = Release|Any CPU
		{C15B6B40-01B4-4E8F-9723-9BA64F653D8E}.Release|x64.ActiveCfg = Release|Any CPU
		{C15B6B40-01B4-4E8F-9723-9BA64F653D8E}.Release|x64.Build.0 = Release|Any CPU
		{C15B6B40-01B4-4E8F-9723-9BA64F653D8E}.Release|x86.ActiveCfg = Release|Any CPU
		{C15B6B40-01B4-4E8F-9723-9BA64F653D8E}.Release|x86.Build.0 = Release|Any CPU
		{FF52A41C-85E2-4A67-AF53-77DAB9B11012}.Debug|Any CPU.ActiveCfg = Debug|Any CPU
		{FF52A41C-85E2-4A67-AF53-77DAB9B11012}.Debug|Any CPU.Build.0 = Debug|Any CPU
		{FF52A41C-85E2-4A67-AF53-77DAB9B11012}.Debug|x64.ActiveCfg = Debug|Any CPU
		{FF52A41C-85E2-4A67-AF53-77DAB9B11012}.Debug|x64.Build.0 = Debug|Any CPU
		{FF52A41C-85E2-4A67-AF53-77DAB9B11012}.Debug|x86.ActiveCfg = Debug|Any CPU
		{FF52A41C-85E2-4A67-AF53-77DAB9B11012}.Debug|x86.Build.0 = Debug|Any CPU
		{FF52A41C-85E2-4A67-AF53-77DAB9B11012}.Release|Any CPU.ActiveCfg = Release|Any CPU
		{FF52A41C-85E2-4A67-AF53-77DAB9B11012}.Release|Any CPU.Build.0 = Release|Any CPU
		{FF52A41C-85E2-4A67-AF53-77DAB9B11012}.Release|x64.ActiveCfg = Release|Any CPU
		{FF52A41C-85E2-4A67-AF53-77DAB9B11012}.Release|x64.Build.0 = Release|Any CPU
		{FF52A41C-85E2-4A67-AF53-77DAB9B11012}.Release|x86.ActiveCfg = Release|Any CPU
		{FF52A41C-85E2-4A67-AF53-77DAB9B11012}.Release|x86.Build.0 = Release|Any CPU
		{376AFB18-73C7-4931-9593-5DC3BF5DA836}.Debug|Any CPU.ActiveCfg = Debug|Any CPU
		{376AFB18-73C7-4931-9593-5DC3BF5DA836}.Debug|Any CPU.Build.0 = Debug|Any CPU
		{376AFB18-73C7-4931-9593-5DC3BF5DA836}.Debug|x64.ActiveCfg = Debug|Any CPU
		{376AFB18-73C7-4931-9593-5DC3BF5DA836}.Debug|x64.Build.0 = Debug|Any CPU
		{376AFB18-73C7-4931-9593-5DC3BF5DA836}.Debug|x86.ActiveCfg = Debug|Any CPU
		{376AFB18-73C7-4931-9593-5DC3BF5DA836}.Debug|x86.Build.0 = Debug|Any CPU
		{376AFB18-73C7-4931-9593-5DC3BF5DA836}.Release|Any CPU.ActiveCfg = Release|Any CPU
		{376AFB18-73C7-4931-9593-5DC3BF5DA836}.Release|Any CPU.Build.0 = Release|Any CPU
		{376AFB18-73C7-4931-9593-5DC3BF5DA836}.Release|x64.ActiveCfg = Release|Any CPU
		{376AFB18-73C7-4931-9593-5DC3BF5DA836}.Release|x64.Build.0 = Release|Any CPU
		{376AFB18-73C7-4931-9593-5DC3BF5DA836}.Release|x86.ActiveCfg = Release|Any CPU
		{376AFB18-73C7-4931-9593-5DC3BF5DA836}.Release|x86.Build.0 = Release|Any CPU
		{0A26C623-A561-4FDC-9BC3-DDC763992C3F}.Debug|Any CPU.ActiveCfg = Debug|Any CPU
		{0A26C623-A561-4FDC-9BC3-DDC763992C3F}.Debug|Any CPU.Build.0 = Debug|Any CPU
		{0A26C623-A561-4FDC-9BC3-DDC763992C3F}.Debug|x64.ActiveCfg = Debug|Any CPU
		{0A26C623-A561-4FDC-9BC3-DDC763992C3F}.Debug|x64.Build.0 = Debug|Any CPU
		{0A26C623-A561-4FDC-9BC3-DDC763992C3F}.Debug|x86.ActiveCfg = Debug|Any CPU
		{0A26C623-A561-4FDC-9BC3-DDC763992C3F}.Debug|x86.Build.0 = Debug|Any CPU
		{0A26C623-A561-4FDC-9BC3-DDC763992C3F}.Release|Any CPU.ActiveCfg = Release|Any CPU
		{0A26C623-A561-4FDC-9BC3-DDC763992C3F}.Release|Any CPU.Build.0 = Release|Any CPU
		{0A26C623-A561-4FDC-9BC3-DDC763992C3F}.Release|x64.ActiveCfg = Release|Any CPU
		{0A26C623-A561-4FDC-9BC3-DDC763992C3F}.Release|x64.Build.0 = Release|Any CPU
		{0A26C623-A561-4FDC-9BC3-DDC763992C3F}.Release|x86.ActiveCfg = Release|Any CPU
		{0A26C623-A561-4FDC-9BC3-DDC763992C3F}.Release|x86.Build.0 = Release|Any CPU
		{0FF7BDA4-F10D-441C-A91C-458400D3A473}.Debug|Any CPU.ActiveCfg = Debug|Any CPU
		{0FF7BDA4-F10D-441C-A91C-458400D3A473}.Debug|Any CPU.Build.0 = Debug|Any CPU
		{0FF7BDA4-F10D-441C-A91C-458400D3A473}.Debug|x64.ActiveCfg = Debug|Any CPU
		{0FF7BDA4-F10D-441C-A91C-458400D3A473}.Debug|x64.Build.0 = Debug|Any CPU
		{0FF7BDA4-F10D-441C-A91C-458400D3A473}.Debug|x86.ActiveCfg = Debug|Any CPU
		{0FF7BDA4-F10D-441C-A91C-458400D3A473}.Debug|x86.Build.0 = Debug|Any CPU
		{0FF7BDA4-F10D-441C-A91C-458400D3A473}.Release|Any CPU.ActiveCfg = Release|Any CPU
		{0FF7BDA4-F10D-441C-A91C-458400D3A473}.Release|Any CPU.Build.0 = Release|Any CPU
		{0FF7BDA4-F10D-441C-A91C-458400D3A473}.Release|x64.ActiveCfg = Release|Any CPU
		{0FF7BDA4-F10D-441C-A91C-458400D3A473}.Release|x64.Build.0 = Release|Any CPU
		{0FF7BDA4-F10D-441C-A91C-458400D3A473}.Release|x86.ActiveCfg = Release|Any CPU
		{0FF7BDA4-F10D-441C-A91C-458400D3A473}.Release|x86.Build.0 = Release|Any CPU
		{52C35F34-53CA-47D3-91E4-2117F7975571}.Debug|Any CPU.ActiveCfg = Debug|Any CPU
		{52C35F34-53CA-47D3-91E4-2117F7975571}.Debug|Any CPU.Build.0 = Debug|Any CPU
		{52C35F34-53CA-47D3-91E4-2117F7975571}.Debug|x64.ActiveCfg = Debug|Any CPU
		{52C35F34-53CA-47D3-91E4-2117F7975571}.Debug|x64.Build.0 = Debug|Any CPU
		{52C35F34-53CA-47D3-91E4-2117F7975571}.Debug|x86.ActiveCfg = Debug|Any CPU
		{52C35F34-53CA-47D3-91E4-2117F7975571}.Debug|x86.Build.0 = Debug|Any CPU
		{52C35F34-53CA-47D3-91E4-2117F7975571}.Release|Any CPU.ActiveCfg = Release|Any CPU
		{52C35F34-53CA-47D3-91E4-2117F7975571}.Release|Any CPU.Build.0 = Release|Any CPU
		{52C35F34-53CA-47D3-91E4-2117F7975571}.Release|x64.ActiveCfg = Release|Any CPU
		{52C35F34-53CA-47D3-91E4-2117F7975571}.Release|x64.Build.0 = Release|Any CPU
		{52C35F34-53CA-47D3-91E4-2117F7975571}.Release|x86.ActiveCfg = Release|Any CPU
		{52C35F34-53CA-47D3-91E4-2117F7975571}.Release|x86.Build.0 = Release|Any CPU
		{4DB3748D-1A8C-4FD0-9696-49F1F534FC5F}.Debug|Any CPU.ActiveCfg = Debug|Any CPU
		{4DB3748D-1A8C-4FD0-9696-49F1F534FC5F}.Debug|Any CPU.Build.0 = Debug|Any CPU
		{4DB3748D-1A8C-4FD0-9696-49F1F534FC5F}.Debug|x64.ActiveCfg = Debug|Any CPU
		{4DB3748D-1A8C-4FD0-9696-49F1F534FC5F}.Debug|x64.Build.0 = Debug|Any CPU
		{4DB3748D-1A8C-4FD0-9696-49F1F534FC5F}.Debug|x86.ActiveCfg = Debug|Any CPU
		{4DB3748D-1A8C-4FD0-9696-49F1F534FC5F}.Debug|x86.Build.0 = Debug|Any CPU
		{4DB3748D-1A8C-4FD0-9696-49F1F534FC5F}.Release|Any CPU.ActiveCfg = Release|Any CPU
		{4DB3748D-1A8C-4FD0-9696-49F1F534FC5F}.Release|Any CPU.Build.0 = Release|Any CPU
		{4DB3748D-1A8C-4FD0-9696-49F1F534FC5F}.Release|x64.ActiveCfg = Release|Any CPU
		{4DB3748D-1A8C-4FD0-9696-49F1F534FC5F}.Release|x64.Build.0 = Release|Any CPU
		{4DB3748D-1A8C-4FD0-9696-49F1F534FC5F}.Release|x86.ActiveCfg = Release|Any CPU
		{4DB3748D-1A8C-4FD0-9696-49F1F534FC5F}.Release|x86.Build.0 = Release|Any CPU
		{28E8E77E-44D9-4714-8491-643BF479C08A}.Debug|Any CPU.ActiveCfg = Debug|Any CPU
		{28E8E77E-44D9-4714-8491-643BF479C08A}.Debug|Any CPU.Build.0 = Debug|Any CPU
		{28E8E77E-44D9-4714-8491-643BF479C08A}.Debug|x64.ActiveCfg = Debug|Any CPU
		{28E8E77E-44D9-4714-8491-643BF479C08A}.Debug|x64.Build.0 = Debug|Any CPU
		{28E8E77E-44D9-4714-8491-643BF479C08A}.Debug|x86.ActiveCfg = Debug|Any CPU
		{28E8E77E-44D9-4714-8491-643BF479C08A}.Debug|x86.Build.0 = Debug|Any CPU
		{28E8E77E-44D9-4714-8491-643BF479C08A}.Release|Any CPU.ActiveCfg = Release|Any CPU
		{28E8E77E-44D9-4714-8491-643BF479C08A}.Release|Any CPU.Build.0 = Release|Any CPU
		{28E8E77E-44D9-4714-8491-643BF479C08A}.Release|x64.ActiveCfg = Release|Any CPU
		{28E8E77E-44D9-4714-8491-643BF479C08A}.Release|x64.Build.0 = Release|Any CPU
		{28E8E77E-44D9-4714-8491-643BF479C08A}.Release|x86.ActiveCfg = Release|Any CPU
		{28E8E77E-44D9-4714-8491-643BF479C08A}.Release|x86.Build.0 = Release|Any CPU
	EndGlobalSection
EndGlobal
